{
  "name": "modao-prototype-reader",
  "version": "0.1.0",
  "lockfileVersion": 3,
  "requires": true,
  "packages": {
    "": {
      "name": "modao-prototype-reader",
      "version": "0.1.0",
      "license": "MIT",
      "bin": {
        "modao-reader": "bin/modao-reader.js"
      },
      "engines": {
        "node": ">=20"
      }
    }
  }
}
